// !$*UTF8*$!
{
	archiveVersion = 1;
	classes = {
	};
	objectVersion = 50;
	objects = {

/* Begin PBXBuildFile section */
		749CB421208B93340022A26C /* ShoppingTableViewCell.swift in Sources */ = {isa = PBXBuildFile; fileRef = 749CB420208B93340022A26C /* ShoppingTableViewCell.swift */; };
		749CB423208B95190022A26C /* UIViewController+CoreData.swift in Sources */ = {isa = PBXBuildFile; fileRef = 749CB422208B95190022A26C /* UIViewController+CoreData.swift */; };
		749CB425208B9C470022A26C /* ShoppingRegisterViewController.swift in Sources */ = {isa = PBXBuildFile; fileRef = 749CB424208B9C470022A26C /* ShoppingRegisterViewController.swift */; };
		749CB429208CBF340022A26C /* ShoppingTotalViewController.swift in Sources */ = {isa = PBXBuildFile; fileRef = 749CB428208CBF340022A26C /* ShoppingTotalViewController.swift */; };
		749CB42B208CE0960022A26C /* Settings.bundle in Resources */ = {isa = PBXBuildFile; fileRef = 749CB42A208CE0960022A26C /* Settings.bundle */; };
		74F7A5502089633D00CB4244 /* AppDelegate.swift in Sources */ = {isa = PBXBuildFile; fileRef = 74F7A54F2089633D00CB4244 /* AppDelegate.swift */; };
		74F7A5552089633D00CB4244 /* Main.storyboard in Resources */ = {isa = PBXBuildFile; fileRef = 74F7A5532089633D00CB4244 /* Main.storyboard */; };
		74F7A5582089633D00CB4244 /* ComprasUSA.xcdatamodeld in Sources */ = {isa = PBXBuildFile; fileRef = 74F7A5562089633D00CB4244 /* ComprasUSA.xcdatamodeld */; };
		74F7A55A2089633F00CB4244 /* Assets.xcassets in Resources */ = {isa = PBXBuildFile; fileRef = 74F7A5592089633F00CB4244 /* Assets.xcassets */; };
		74F7A55D2089633F00CB4244 /* LaunchScreen.storyboard in Resources */ = {isa = PBXBuildFile; fileRef = 74F7A55B2089633F00CB4244 /* LaunchScreen.storyboard */; };
		74F7A56520896E3200CB4244 /* ShoppingTableViewController.swift in Sources */ = {isa = PBXBuildFile; fileRef = 74F7A56420896E3200CB4244 /* ShoppingTableViewController.swift */; };
		74F7A56720897A1600CB4244 /* SettingsViewController.swift in Sources */ = {isa = PBXBuildFile; fileRef = 74F7A56620897A1600CB4244 /* SettingsViewController.swift */; };
/* End PBXBuildFile section */

/* Begin PBXFileReference section */
		749CB420208B93340022A26C /* ShoppingTableViewCell.swift */ = {isa = PBXFileReference; lastKnownFileType = sourcecode.swift; path = ShoppingTableViewCell.swift; sourceTree = "<group>"; };
		749CB422208B95190022A26C /* UIViewController+CoreData.swift */ = {isa = PBXFileReference; fileEncoding = 4; lastKnownFileType = sourcecode.swift; path = "UIViewController+CoreData.swift"; sourceTree = "<group>"; };
		749CB424208B9C470022A26C /* ShoppingRegisterViewController.swift */ = {isa = PBXFileReference; lastKnownFileType = sourcecode.swift; path = ShoppingRegisterViewController.swift; sourceTree = "<group>"; };
		749CB428208CBF340022A26C /* ShoppingTotalViewController.swift */ = {isa = PBXFileReference; lastKnownFileType = sourcecode.swift; path = ShoppingTotalViewController.swift; sourceTree = "<group>"; };
		749CB42A208CE0960022A26C /* Settings.bundle */ = {isa = PBXFileReference; lastKnownFileType = "wrapper.plug-in"; path = Settings.bundle; sourceTree = "<group>"; };
		74F7A54C2089633D00CB4244 /* ComprasUSA.app */ = {isa = PBXFileReference; explicitFileType = wrapper.application; includeInIndex = 0; path = ComprasUSA.app; sourceTree = BUILT_PRODUCTS_DIR; };
		74F7A54F2089633D00CB4244 /* AppDelegate.swift */ = {isa = PBXFileReference; lastKnownFileType = sourcecode.swift; path = AppDelegate.swift; sourceTree = "<group>"; };
		74F7A5542089633D00CB4244 /* Base */ = {isa = PBXFileReference; lastKnownFileType = file.storyboard; name = Base; path = Base.lproj/Main.storyboard; sourceTree = "<group>"; };
		74F7A5572089633D00CB4244 /* ComprasUSA.xcdatamodel */ = {isa = PBXFileReference; lastKnownFileType = wrapper.xcdatamodel; path = ComprasUSA.xcdatamodel; sourceTree = "<group>"; };
		74F7A5592089633F00CB4244 /* Assets.xcassets */ = {isa = PBXFileReference; lastKnownFileType = folder.assetcatalog; path = Assets.xcassets; sourceTree = "<group>"; };
		74F7A55C2089633F00CB4244 /* Base */ = {isa = PBXFileReference; lastKnownFileType = file.storyboard; name = Base; path = Base.lproj/LaunchScreen.storyboard; sourceTree = "<group>"; };
		74F7A55E2089633F00CB4244 /* Info.plist */ = {isa = PBXFileReference; lastKnownFileType = text.plist.xml; path = Info.plist; sourceTree = "<group>"; };
		74F7A56420896E3200CB4244 /* ShoppingTableViewController.swift */ = {isa = PBXFileReference; lastKnownFileType = sourcecode.swift; path = ShoppingTableViewController.swift; sourceTree = "<group>"; };
		74F7A56620897A1600CB4244 /* SettingsViewController.swift */ = {isa = PBXFileReference; lastKnownFileType = sourcecode.swift; path = SettingsViewController.swift; sourceTree = "<group>"; };
/* End PBXFileReference section */

/* Begin PBXFrameworksBuildPhase section */
		74F7A5492089633D00CB4244 /* Frameworks */ = {
			isa = PBXFrameworksBuildPhase;
			buildActionMask = 2147483647;
			files = (
			);
			runOnlyForDeploymentPostprocessing = 0;
		};
/* End PBXFrameworksBuildPhase section */

/* Begin PBXGroup section */
		74F7A5432089633D00CB4244 = {
			isa = PBXGroup;
			children = (
				74F7A54E2089633D00CB4244 /* ComprasUSA */,
				74F7A54D2089633D00CB4244 /* Products */,
			);
			sourceTree = "<group>";
		};
		74F7A54D2089633D00CB4244 /* Products */ = {
			isa = PBXGroup;
			children = (
				74F7A54C2089633D00CB4244 /* ComprasUSA.app */,
			);
			name = Products;
			sourceTree = "<group>";
		};
		74F7A54E2089633D00CB4244 /* ComprasUSA */ = {
			isa = PBXGroup;
			children = (
				74F7A54F2089633D00CB4244 /* AppDelegate.swift */,
				74F7A5532089633D00CB4244 /* Main.storyboard */,
				749CB422208B95190022A26C /* UIViewController+CoreData.swift */,
				74F7A56420896E3200CB4244 /* ShoppingTableViewController.swift */,
				74F7A5592089633F00CB4244 /* Assets.xcassets */,
				74F7A55B2089633F00CB4244 /* LaunchScreen.storyboard */,
				74F7A55E2089633F00CB4244 /* Info.plist */,
				74F7A5562089633D00CB4244 /* ComprasUSA.xcdatamodeld */,
				74F7A56620897A1600CB4244 /* SettingsViewController.swift */,
				749CB420208B93340022A26C /* ShoppingTableViewCell.swift */,
				749CB424208B9C470022A26C /* ShoppingRegisterViewController.swift */,
				749CB428208CBF340022A26C /* ShoppingTotalViewController.swift */,
				749CB42A208CE0960022A26C /* Settings.bundle */,
			);
			path = ComprasUSA;
			sourceTree = "<group>";
		};
/* End PBXGroup section */

/* Begin PBXNativeTarget section */
		74F7A54B2089633D00CB4244 /* ComprasUSA */ = {
			isa = PBXNativeTarget;
			buildConfigurationList = 74F7A5612089633F00CB4244 /* Build configuration list for PBXNativeTarget "ComprasUSA" */;
			buildPhases = (
				74F7A5482089633D00CB4244 /* Sources */,
				74F7A5492089633D00CB4244 /* Frameworks */,
				74F7A54A2089633D00CB4244 /* Resources */,
			);
			buildRules = (
			);
			dependencies = (
			);
			name = ComprasUSA;
			productName = ComprasUSA;
			productReference = 74F7A54C2089633D00CB4244 /* ComprasUSA.app */;
			productType = "com.apple.product-type.application";
		};
/* End PBXNativeTarget section */

/* Begin PBXProject section */
		74F7A5442089633D00CB4244 /* Project object */ = {
			isa = PBXProject;
			attributes = {
				LastSwiftUpdateCheck = 0930;
				LastUpgradeCheck = 0930;
				ORGANIZATIONNAME = "Fellipe Soares Oliveira";
				TargetAttributes = {
					74F7A54B2089633D00CB4244 = {
						CreatedOnToolsVersion = 9.3;
					};
				};
			};
			buildConfigurationList = 74F7A5472089633D00CB4244 /* Build configuration list for PBXProject "ComprasUSA" */;
			compatibilityVersion = "Xcode 9.3";
			developmentRegion = en;
			hasScannedForEncodings = 0;
			knownRegions = (
				en,
				Base,
			);
			mainGroup = 74F7A5432089633D00CB4244;
			productRefGroup = 74F7A54D2089633D00CB4244 /* Products */;
			projectDirPath = "";
			projectRoot = "";
			targets = (
				74F7A54B2089633D00CB4244 /* ComprasUSA */,
			);
		};
/* End PBXProject section */

/* Begin PBXResourcesBuildPhase section */
		74F7A54A2089633D00CB4244 /* Resources */ = {
			isa = PBXResourcesBuildPhase;
			buildActionMask = 2147483647;
			files = (
				749CB42B208CE0960022A26C /* Settings.bundle in Resources */,
				74F7A55D2089633F00CB4244 /* LaunchScreen.storyboard in Resources */,
				74F7A55A2089633F00CB4244 /* Assets.xcassets in Resources */,
				74F7A5552089633D00CB4244 /* Main.storyboard in Resources */,
			);
			runOnlyForDeploymentPostprocessing = 0;
		};
/* End PBXResourcesBuildPhase section */

/* Begin PBXSourcesBuildPhase section */
		74F7A5482089633D00CB4244 /* Sources */ = {
			isa = PBXSourcesBuildPhase;
			buildActionMask = 2147483647;
			files = (
				749CB425208B9C470022A26C /* ShoppingRegisterViewController.swift in Sources */,
				74F7A56520896E3200CB4244 /* ShoppingTableViewController.swift in Sources */,
				74F7A5582089633D00CB4244 /* ComprasUSA.xcdatamodeld in Sources */,
				74F7A56720897A1600CB4244 /* SettingsViewController.swift in Sources */,
				749CB423208B95190022A26C /* UIViewController+CoreData.swift in Sources */,
				749CB429208CBF340022A26C /* ShoppingTotalViewController.swift in Sources */,
				749CB421208B93340022A26C /* ShoppingTableViewCell.swift in Sources */,
				74F7A5502089633D00CB4244 /* AppDelegate.swift in Sources */,
			);
			runOnlyForDeploymentPostprocessing = 0;
		};
/* End PBXSourcesBuildPhase section */

/* Begin PBXVariantGroup section */
		74F7A5532089633D00CB4244 /* Main.storyboard */ = {
			isa = PBXVariantGroup;
			children = (
				74F7A5542089633D00CB4244 /* Base */,
			);
			name = Main.storyboard;
			sourceTree = "<group>";
		};
		74F7A55B2089633F00CB4244 /* LaunchScreen.storyboard */ = {
			isa = PBXVariantGroup;
			children = (
				74F7A55C2089633F00CB4244 /* Base */,
			);
			name = LaunchScreen.storyboard;
			sourceTree = "<group>";
		};
/* End PBXVariantGroup section */

/* Begin XCBuildConfiguration section */
		74F7A55F2089633F00CB4244 /* Debug */ = {
			isa = XCBuildConfiguration;
			buildSettings = {
				ALWAYS_SEARCH_USER_PATHS = NO;
				CLANG_ANALYZER_NONNULL = YES;
				CLANG_ANALYZER_NUMBER_OBJECT_CONVERSION = YES_AGGRESSIVE;
				CLANG_CXX_LANGUAGE_STANDARD = "gnu++14";
				CLANG_CXX_LIBRARY = "libc++";
				CLANG_ENABLE_MODULES = YES;
				CLANG_ENABLE_OBJC_ARC = YES;
				CLANG_ENABLE_OBJC_WEAK = YES;
				CLANG_WARN_BLOCK_CAPTURE_AUTORELEASING = YES;
				CLANG_WARN_BOOL_CONVERSION = YES;
				CLANG_WARN_COMMA = YES;
				CLANG_WARN_CONSTANT_CONVERSION = YES;
				CLANG_WARN_DEPRECATED_OBJC_IMPLEMENTATIONS = YES;
				CLANG_WARN_DIRECT_OBJC_ISA_USAGE = YES_ERROR;
				CLANG_WARN_DOCUMENTATION_COMMENTS = YES;
				CLANG_WARN_EMPTY_BODY = YES;
				CLANG_WARN_ENUM_CONVERSION = YES;
				CLANG_WARN_INFINITE_RECURSION = YES;
				CLANG_WARN_INT_CONVERSION = YES;
				CLANG_WARN_NON_LITERAL_NULL_CONVERSION = YES;
				CLANG_WARN_OBJC_IMPLICIT_RETAIN_SELF = YES;
				CLANG_WARN_OBJC_LITERAL_CONVERSION = YES;
				CLANG_WARN_OBJC_ROOT_CLASS = YES_ERROR;
				CLANG_WARN_RANGE_LOOP_ANALYSIS = YES;
				CLANG_WARN_STRICT_PROTOTYPES = YES;
				CLANG_WARN_SUSPICIOUS_MOVE = YES;
				CLANG_WARN_UNGUARDED_AVAILABILITY = YES_AGGRESSIVE;
				CLANG_WARN_UNREACHABLE_CODE = YES;
				CLANG_WARN__DUPLICATE_METHOD_MATCH = YES;
				CODE_SIGN_IDENTITY = "iPhone Developer";
				COPY_PHASE_STRIP = NO;
				DEBUG_INFORMATION_FORMAT = dwarf;
				ENABLE_STRICT_OBJC_MSGSEND = YES;
				ENABLE_TESTABILITY = YES;
				GCC_C_LANGUAGE_STANDARD = gnu11;
				GCC_DYNAMIC_NO_PIC = NO;
				GCC_NO_COMMON_BLOCKS = YES;
				GCC_OPTIMIZATION_LEVEL = 0;
				GCC_PREPROCESSOR_DEFINITIONS = (
					"DEBUG=1",
					"$(inherited)",
				);
				GCC_WARN_64_TO_32_BIT_CONVERSION = YES;
				GCC_WARN_ABOUT_RETURN_TYPE = YES_ERROR;
				GCC_WARN_UNDECLARED_SELECTOR = YES;
				GCC_WARN_UNINITIALIZED_AUTOS = YES_AGGRESSIVE;
				GCC_WARN_UNUSED_FUNCTION = YES;
				GCC_WARN_UNUSED_VARIABLE = YES;
				IPHONEOS_DEPLOYMENT_TARGET = 11.3;
				MTL_ENABLE_DEBUG_INFO = YES;
				ONLY_ACTIVE_ARCH = YES;
				SDKROOT = iphoneos;
				SWIFT_ACTIVE_COMPILATION_CONDITIONS = DEBUG;
				SWIFT_OPTIMIZATION_LEVEL = "-Onone";
			};
			name = Debug;
		};
		74F7A5602089633F00CB4244 /* Release */ = {
			isa = XCBuildConfiguration;
			buildSettings = {
				ALWAYS_SEARCH_USER_PATHS = NO;
				CLANG_ANALYZER_NONNULL = YES;
				CLANG_ANALYZER_NUMBER_OBJECT_CONVERSION = YES_AGGRESSIVE;
				CLANG_CXX_LANGUAGE_STANDARD = "gnu++14";
				CLANG_CXX_LIBRARY = "libc++";
				CLANG_ENABLE_MODULES = YES;
				CLANG_ENABLE_OBJC_ARC = YES;
				CLANG_ENABLE_OBJC_WEAK = YES;
				CLANG_WARN_BLOCK_CAPTURE_AUTORELEASING = YES;
				CLANG_WARN_BOOL_CONVERSION = YES;
				CLANG_WARN_COMMA = YES;
				CLANG_WARN_CONSTANT_CONVERSION = YES;
				CLANG_WARN_DEPRECATED_OBJC_IMPLEMENTATIONS = YES;
				CLANG_WARN_DIRECT_OBJC_ISA_USAGE = YES_ERROR;
				CLANG_WARN_DOCUMENTATION_COMMENTS = YES;
				CLANG_WARN_EMPTY_BODY = YES;
				CLANG_WARN_ENUM_CONVERSION = YES;
				CLANG_WARN_INFINITE_RECURSION = YES;
				CLANG_WARN_INT_CONVERSION = YES;
				CLANG_WARN_NON_LITERAL_NULL_CONVERSION = YES;
				CLANG_WARN_OBJC_IMPLICIT_RETAIN_SELF = YES;
				CLANG_WARN_OBJC_LITERAL_CONVERSION = YES;
				CLANG_WARN_OBJC_ROOT_CLASS = YES_ERROR;
				CLANG_WARN_RANGE_LOOP_ANALYSIS = YES;
				CLANG_WARN_STRICT_PROTOTYPES = YES;
				CLANG_WARN_SUSPICIOUS_MOVE = YES;
				CLANG_WARN_UNGUARDED_AVAILABILITY = YES_AGGRESSIVE;
				CLANG_WARN_UNREACHABLE_CODE = YES;
				CLANG_WARN__DUPLICATE_METHOD_MATCH = YES;
				CODE_SIGN_IDENTITY = "iPhone Developer";
				COPY_PHASE_STRIP = NO;
				DEBUG_INFORMATION_FORMAT = "dwarf-with-dsym";
				ENABLE_NS_ASSERTIONS = NO;
				ENABLE_STRICT_OBJC_MSGSEND = YES;
				GCC_C_LANGUAGE_STANDARD = gnu11;
				GCC_NO_COMMON_BLOCKS = YES;
				GCC_WARN_64_TO_32_BIT_CONVERSION = YES;
				GCC_WARN_ABOUT_RETURN_TYPE = YES_ERROR;
				GCC_WARN_UNDECLARED_SELECTOR = YES;
				GCC_WARN_UNINITIALIZED_AUTOS = YES_AGGRESSIVE;
				GCC_WARN_UNUSED_FUNCTION = YES;
				GCC_WARN_UNUSED_VARIABLE = YES;
				IPHONEOS_DEPLOYMENT_TARGET = 11.3;
				MTL_ENABLE_DEBUG_INFO = NO;
				SDKROOT = iphoneos;
				SWIFT_COMPILATION_MODE = wholemodule;
				SWIFT_OPTIMIZATION_LEVEL = "-O";
				VALIDATE_PRODUCT = YES;
			};
			name = Release;
		};
		74F7A5622089633F00CB4244 /* Debug */ = {
			isa = XCBuildConfiguration;
			buildSettings = {
				ASSETCATALOG_COMPILER_APPICON_NAME = AppIcon;
				CODE_SIGN_STYLE = Automatic;
				INFOPLIST_FILE = ComprasUSA/Info.plist;
				LD_RUNPATH_SEARCH_PATHS = (
					"$(inherited)",
					"@executable_path/Frameworks",
				);
				PRODUCT_BUNDLE_IDENTIFIER = br.com.FellipeOliveira.ComprasUSA;
				PRODUCT_NAME = "$(TARGET_NAME)";
				SWIFT_VERSION = 4.0;
				TARGETED_DEVICE_FAMILY = "1,2";
			};
			name = Debug;
		};
		74F7A5632089633F00CB4244 /* Release */ = {
			isa = XCBuildConfiguration;
			buildSettings = {
				ASSETCATALOG_COMPILER_APPICON_NAME = AppIcon;
				CODE_SIGN_STYLE = Automatic;
				INFOPLIST_FILE = ComprasUSA/Info.plist;
				LD_RUNPATH_SEARCH_PATHS = (
					"$(inherited)",
					"@executable_path/Frameworks",
				);
				PRODUCT_BUNDLE_IDENTIFIER = br.com.FellipeOliveira.ComprasUSA;
				PRODUCT_NAME = "$(TARGET_NAME)";
				SWIFT_VERSION = 4.0;
				TARGETED_DEVICE_FAMILY = "1,2";
			};
			name = Release;
		};
/* End XCBuildConfiguration section */

/* Begin XCConfigurationList section */
		74F7A5472089633D00CB4244 /* Build configuration list for PBXProject "ComprasUSA" */ = {
			isa = XCConfigurationList;
			buildConfigurations = (
				74F7A55F2089633F00CB4244 /* Debug */,
				74F7A5602089633F00CB4244 /* Release */,
			);
			defaultConfigurationIsVisible = 0;
			defaultConfigurationName = Release;
		};
		74F7A5612089633F00CB4244 /* Build configuration list for PBXNativeTarget "ComprasUSA" */ = {
			isa = XCConfigurationList;
			buildConfigurations = (
				74F7A5622089633F00CB4244 /* Debug */,
				74F7A5632089633F00CB4244 /* Release */,
			);
			defaultConfigurationIsVisible = 0;
			defaultConfigurationName = Release;
		};
/* End XCConfigurationList section */

/* Begin XCVersionGroup section */
		74F7A5562089633D00CB4244 /* ComprasUSA.xcdatamodeld */ = {
			isa = XCVersionGroup;
			children = (
				74F7A5572089633D00CB4244 /* ComprasUSA.xcdatamodel */,
			);
			currentVersion = 74F7A5572089633D00CB4244 /* ComprasUSA.xcdatamodel */;
			path = ComprasUSA.xcdatamodeld;
			sourceTree = "<group>";
			versionGroupType = wrapper.xcdatamodel;
		};
/* End XCVersionGroup section */
	};
	rootObject = 74F7A5442089633D00CB4244 /* Project object */;
}
