// !$*UTF8*$!
{
	archiveVersion = 1;
	classes = {
	};
	objectVersion = 48;
	objects = {

/* Begin PBXBuildFile section */
		749CB421208B93340022A26C /* ShoppingTableViewCell.swift in Sources */ = {isa = PBXBuildFile; fileRef = 749CB420208B93340022A26C /* ShoppingTableViewCell.swift */; };
		749CB423208B95190022A26C /* UIViewController+CoreData.swift in Sources */ = {isa = PBXBuildFile; fileRef = 749CB422208B95190022A26C /* UIViewController+CoreData.swift */; };
		749CB425208B9C470022A26C /* ShoppingRegisterViewController.swift in Sources */ = {isa = PBXBuildFile; fileRef = 749CB424208B9C470022A26C /* ShoppingRegisterViewController.swift */; };
		749CB429208CBF340022A26C /* ShoppingTotalViewController.swift in Sources */ = {isa = PBXBuildFile; fileRef = 749CB428208CBF340022A26C /* ShoppingTotalViewController.swift */; };
		749CB42B208CE0960022A26C /* Settings.bundle in Resources */ = {isa = PBXBuildFile; fileRef = 749CB42A208CE0960022A26C /* Settings.bundle */; };
		74F7A5502089633D00CB4244 /* AppDelegate.swift in Sources */ = {isa = PBXBuildFile; fileRef = 74F7A54F2089633D00CB4244 /* AppDelegate.swift */; };
		74F7A5552089633D00CB4244 /* Main.storyboard in Resources */ = {isa = PBXBuildFile; fileRef = 74F7A5532089633D00CB4244 /* Main.storyboard */; };
		74F7A5582089633D00CB4244 /* ComprasUSA.xcdatamodeld in Sources */ = {isa = PBXBuildFile; fileRef = 74F7A5562089633D00CB4244 /* ComprasUSA.xcdatamodeld */; };
		74F7A55A2089633F00CB4244 /* Assets.xcassets in Resources */ = {isa = PBXBuildFile; fileRef = 74F7A5592089633F00CB4244 /* Assets.xcassets */; };
		74F7A55D2089633F00CB4244 /* LaunchScreen.storyboard in Resources */ = {isa = PBXBuildFile; fileRef = 74F7A55B2089633F00CB4244 /* LaunchScreen.storyboard */; };
		74F7A56520896E3200CB4244 /* ShoppingTableViewController.swift in Sources */ = {isa = PBXBuildFile; fileRef = 74F7A56420896E3200CB4244 /* ShoppingTableViewController.swift */; };
		74F7A56720897A1600CB4244 /* SettingsViewController.swift in Sources */ = {isa = PBXBuildFile; fileRef = 74F7A56620897A1600CB4244 /* SettingsViewController.swift */; };
		D39D8B9F2092E36D0032BFFD /* Extensions.swift in Sources */ = {isa = PBXBuildFile; fileRef = D39D8B9E2092E36D0032BFFD /* Extensions.swift */; };
		DD05DF5155E7D383470E35DF /* Pods_ComprasUSA.framework in Frameworks */ = {isa = PBXBuildFile; fileRef = 382A65AFE6D414C603CC4148 /* Pods_ComprasUSA.framework */; };
/* End PBXBuildFile section */

/* Begin PBXFileReference section */
		37A64886A017541F1DE0EB3C /* Pods-ComprasUSA.debug.xcconfig */ = {isa = PBXFileReference; includeInIndex = 1; lastKnownFileType = text.xcconfig; name = "Pods-ComprasUSA.debug.xcconfig"; path = "Pods/Target Support Files/Pods-ComprasUSA/Pods-ComprasUSA.debug.xcconfig"; sourceTree = "<group>"; };
		382A65AFE6D414C603CC4148 /* Pods_ComprasUSA.framework */ = {isa = PBXFileReference; explicitFileType = wrapper.framework; includeInIndex = 0; path = Pods_ComprasUSA.framework; sourceTree = BUILT_PRODUCTS_DIR; };
		749CB420208B93340022A26C /* ShoppingTableViewCell.swift */ = {isa = PBXFileReference; lastKnownFileType = sourcecode.swift; path = ShoppingTableViewCell.swift; sourceTree = "<group>"; };
		749CB422208B95190022A26C /* UIViewController+CoreData.swift */ = {isa = PBXFileReference; fileEncoding = 4; lastKnownFileType = sourcecode.swift; path = "UIViewController+CoreData.swift"; sourceTree = "<group>"; };
		749CB424208B9C470022A26C /* ShoppingRegisterViewController.swift */ = {isa = PBXFileReference; lastKnownFileType = sourcecode.swift; path = ShoppingRegisterViewController.swift; sourceTree = "<group>"; };
		749CB428208CBF340022A26C /* ShoppingTotalViewController.swift */ = {isa = PBXFileReference; lastKnownFileType = sourcecode.swift; path = ShoppingTotalViewController.swift; sourceTree = "<group>"; };
		749CB42A208CE0960022A26C /* Settings.bundle */ = {isa = PBXFileReference; lastKnownFileType = "wrapper.plug-in"; path = Settings.bundle; sourceTree = "<group>"; };
		74F7A54C2089633D00CB4244 /* ComprasUSA.app */ = {isa = PBXFileReference; explicitFileType = wrapper.application; includeInIndex = 0; path = ComprasUSA.app; sourceTree = BUILT_PRODUCTS_DIR; };
		74F7A54F2089633D00CB4244 /* AppDelegate.swift */ = {isa = PBXFileReference; lastKnownFileType = sourcecode.swift; path = AppDelegate.swift; sourceTree = "<group>"; };
		74F7A5542089633D00CB4244 /* Base */ = {isa = PBXFileReference; lastKnownFileType = file.storyboard; name = Base; path = Base.lproj/Main.storyboard; sourceTree = "<group>"; };
		74F7A5572089633D00CB4244 /* ComprasUSA.xcdatamodel */ = {isa = PBXFileReference; lastKnownFileType = wrapper.xcdatamodel; path = ComprasUSA.xcdatamodel; sourceTree = "<group>"; };
		74F7A5592089633F00CB4244 /* Assets.xcassets */ = {isa = PBXFileReference; lastKnownFileType = folder.assetcatalog; path = Assets.xcassets; sourceTree = "<group>"; };
		74F7A55C2089633F00CB4244 /* Base */ = {isa = PBXFileReference; lastKnownFileType = file.storyboard; name = Base; path = Base.lproj/LaunchScreen.storyboard; sourceTree = "<group>"; };
		74F7A55E2089633F00CB4244 /* Info.plist */ = {isa = PBXFileReference; lastKnownFileType = text.plist.xml; path = Info.plist; sourceTree = "<group>"; };
		74F7A56420896E3200CB4244 /* ShoppingTableViewController.swift */ = {isa = PBXFileReference; lastKnownFileType = sourcecode.swift; path = ShoppingTableViewController.swift; sourceTree = "<group>"; };
		74F7A56620897A1600CB4244 /* SettingsViewController.swift */ = {isa = PBXFileReference; lastKnownFileType = sourcecode.swift; path = SettingsViewController.swift; sourceTree = "<group>"; };
		7F2B1AF39DED1AB2DB6D54DF /* Pods-ComprasUSA.release.xcconfig */ = {isa = PBXFileReference; includeInIndex = 1; lastKnownFileType = text.xcconfig; name = "Pods-ComprasUSA.release.xcconfig"; path = "Pods/Target Support Files/Pods-ComprasUSA/Pods-ComprasUSA.release.xcconfig"; sourceTree = "<group>"; };
		D39D8B9E2092E36D0032BFFD /* Extensions.swift */ = {isa = PBXFileReference; lastKnownFileType = sourcecode.swift; path = Extensions.swift; sourceTree = "<group>"; };
/* End PBXFileReference section */

/* Begin PBXFrameworksBuildPhase section */
		74F7A5492089633D00CB4244 /* Frameworks */ = {
			isa = PBXFrameworksBuildPhase;
			buildActionMask = 2147483647;
			files = (
				DD05DF5155E7D383470E35DF /* Pods_ComprasUSA.framework in Frameworks */,
			);
			runOnlyForDeploymentPostprocessing = 0;
		};
/* End PBXFrameworksBuildPhase section */

/* Begin PBXGroup section */
		140070B2CD3DE46ECD8C5043 /* Frameworks */ = {
			isa = PBXGroup;
			children = (
				382A65AFE6D414C603CC4148 /* Pods_ComprasUSA.framework */,
			);
			name = Frameworks;
			sourceTree = "<group>";
		};
		74F7A5432089633D00CB4244 = {
			isa = PBXGroup;
			children = (
				D39D8B9E2092E36D0032BFFD /* Extensions.swift */,
				74F7A54E2089633D00CB4244 /* ComprasUSA */,
				74F7A54D2089633D00CB4244 /* Products */,
				F1672623279F2179298E2C1B /* Pods */,
				140070B2CD3DE46ECD8C5043 /* Frameworks */,
			);
			sourceTree = "<group>";
		};
		74F7A54D2089633D00CB4244 /* Products */ = {
			isa = PBXGroup;
			children = (
				74F7A54C2089633D00CB4244 /* ComprasUSA.app */,
			);
			name = Products;
			sourceTree = "<group>";
		};
		74F7A54E2089633D00CB4244 /* ComprasUSA */ = {
			isa = PBXGroup;
			children = (
				74F7A54F2089633D00CB4244 /* AppDelegate.swift */,
				74F7A5532089633D00CB4244 /* Main.storyboard */,
				749CB422208B95190022A26C /* UIViewController+CoreData.swift */,
				74F7A56420896E3200CB4244 /* ShoppingTableViewController.swift */,
				74F7A5592089633F00CB4244 /* Assets.xcassets */,
				74F7A55B2089633F00CB4244 /* LaunchScreen.storyboard */,
				74F7A55E2089633F00CB4244 /* Info.plist */,
				74F7A5562089633D00CB4244 /* ComprasUSA.xcdatamodeld */,
				74F7A56620897A1600CB4244 /* SettingsViewController.swift */,
				749CB420208B93340022A26C /* ShoppingTableViewCell.swift */,
				749CB424208B9C470022A26C /* ShoppingRegisterViewController.swift */,
				749CB428208CBF340022A26C /* ShoppingTotalViewController.swift */,
				749CB42A208CE0960022A26C /* Settings.bundle */,
			);
			path = ComprasUSA;
			sourceTree = "<group>";
		};
		F1672623279F2179298E2C1B /* Pods */ = {
			isa = PBXGroup;
			children = (
				37A64886A017541F1DE0EB3C /* Pods-ComprasUSA.debug.xcconfig */,
				7F2B1AF39DED1AB2DB6D54DF /* Pods-ComprasUSA.release.xcconfig */,
			);
			name = Pods;
			sourceTree = "<group>";
		};
/* End PBXGroup section */

/* Begin PBXNativeTarget section */
		74F7A54B2089633D00CB4244 /* ComprasUSA */ = {
			isa = PBXNativeTarget;
			buildConfigurationList = 74F7A5612089633F00CB4244 /* Build configuration list for PBXNativeTarget "ComprasUSA" */;
			buildPhases = (
				181DAEC6EDFBD421FA216E1D /* [CP] Check Pods Manifest.lock */,
				74F7A5482089633D00CB4244 /* Sources */,
				74F7A5492089633D00CB4244 /* Frameworks */,
				74F7A54A2089633D00CB4244 /* Resources */,
				EDAFD82E335078C84BC56F1A /* [CP] Embed Pods Frameworks */,
				FD5B6EAA0308128B21F40091 /* [CP] Copy Pods Resources */,
			);
			buildRules = (
			);
			dependencies = (
			);
			name = ComprasUSA;
			productName = ComprasUSA;
			productReference = 74F7A54C2089633D00CB4244 /* ComprasUSA.app */;
			productType = "com.apple.product-type.application";
		};
/* End PBXNativeTarget section */

/* Begin PBXProject section */
		74F7A5442089633D00CB4244 /* Project object */ = {
			isa = PBXProject;
			attributes = {
				LastSwiftUpdateCheck = 0930;
				LastUpgradeCheck = 0930;
				ORGANIZATIONNAME = "Fellipe Soares Oliveira";
				TargetAttributes = {
					74F7A54B2089633D00CB4244 = {
						CreatedOnToolsVersion = 9.3;
						ProvisioningStyle = Automatic;
					};
				};
			};
			buildConfigurationList = 74F7A5472089633D00CB4244 /* Build configuration list for PBXProject "ComprasUSA" */;
			compatibilityVersion = "Xcode 8.0";
			developmentRegion = en;
			hasScannedForEncodings = 0;
			knownRegions = (
				en,
				Base,
			);
			mainGroup = 74F7A5432089633D00CB4244;
			productRefGroup = 74F7A54D2089633D00CB4244 /* Products */;
			projectDirPath = "";
			projectRoot = "";
			targets = (
				74F7A54B2089633D00CB4244 /* ComprasUSA */,
			);
		};
/* End PBXProject section */

/* Begin PBXResourcesBuildPhase section */
		74F7A54A2089633D00CB4244 /* Resources */ = {
			isa = PBXResourcesBuildPhase;
			buildActionMask = 2147483647;
			files = (
				749CB42B208CE0960022A26C /* Settings.bundle in Resources */,
				74F7A55D2089633F00CB4244 /* LaunchScreen.storyboard in Resources */,
				74F7A55A2089633F00CB4244 /* Assets.xcassets in Resources */,
				74F7A5552089633D00CB4244 /* Main.storyboard in Resources */,
			);
			runOnlyForDeploymentPostprocessing = 0;
		};
/* End PBXResourcesBuildPhase section */

/* Begin PBXShellScriptBuildPhase section */
		181DAEC6EDFBD421FA216E1D /* [CP] Check Pods Manifest.lock */ = {
			isa = PBXShellScriptBuildPhase;
			buildActionMask = 2147483647;
			files = (
			);
			inputPaths = (
				"${PODS_PODFILE_DIR_PATH}/Podfile.lock",
				"${PODS_ROOT}/Manifest.lock",
			);
			name = "[CP] Check Pods Manifest.lock";
			outputPaths = (
				"$(DERIVED_FILE_DIR)/Pods-ComprasUSA-checkManifestLockResult.txt",
			);
			runOnlyForDeploymentPostprocessing = 0;
			shellPath = /bin/sh;
			shellScript = "diff \"${PODS_PODFILE_DIR_PATH}/Podfile.lock\" \"${PODS_ROOT}/Manifest.lock\" > /dev/null\nif [ $? != 0 ] ; then\n    # print error to STDERR\n    echo \"error: The sandbox is not in sync with the Podfile.lock. Run 'pod install' or update your CocoaPods installation.\" >&2\n    exit 1\nfi\n# This output is used by Xcode 'outputs' to avoid re-running this script phase.\necho \"SUCCESS\" > \"${SCRIPT_OUTPUT_FILE_0}\"\n";
			showEnvVarsInLog = 0;
		};
		EDAFD82E335078C84BC56F1A /* [CP] Embed Pods Frameworks */ = {
			isa = PBXShellScriptBuildPhase;
			buildActionMask = 2147483647;
			files = (
			);
			inputPaths = (
				"${SRCROOT}/Pods/Target Support Files/Pods-ComprasUSA/Pods-ComprasUSA-frameworks.sh",
				"${BUILT_PRODUCTS_DIR}/IQKeyboardManager/IQKeyboardManager.framework",
			);
			name = "[CP] Embed Pods Frameworks";
			outputPaths = (
				"${TARGET_BUILD_DIR}/${FRAMEWORKS_FOLDER_PATH}/IQKeyboardManager.framework",
			);
			runOnlyForDeploymentPostprocessing = 0;
			shellPath = /bin/sh;
			shellScript = "\"${SRCROOT}/Pods/Target Support Files/Pods-ComprasUSA/Pods-ComprasUSA-frameworks.sh\"\n";
			showEnvVarsInLog = 0;
		};
		FD5B6EAA0308128B21F40091 /* [CP] Copy Pods Resources */ = {
			isa = PBXShellScriptBuildPhase;
			buildActionMask = 2147483647;
			files = (
			);
			inputPaths = (
			);
			name = "[CP] Copy Pods Resources";
			outputPaths = (
			);
			runOnlyForDeploymentPostprocessing = 0;
			shellPath = /bin/sh;
			shellScript = "\"${SRCROOT}/Pods/Target Support Files/Pods-ComprasUSA/Pods-ComprasUSA-resources.sh\"\n";
			showEnvVarsInLog = 0;
		};
/* End PBXShellScriptBuildPhase section */

/* Begin PBXSourcesBuildPhase section */
		74F7A5482089633D00CB4244 /* Sources */ = {
			isa = PBXSourcesBuildPhase;
			buildActionMask = 2147483647;
			files = (
				749CB425208B9C470022A26C /* ShoppingRegisterViewController.swift in Sources */,
				D39D8B9F2092E36D0032BFFD /* Extensions.swift in Sources */,
				74F7A56520896E3200CB4244 /* ShoppingTableViewController.swift in Sources */,
				74F7A5582089633D00CB4244 /* ComprasUSA.xcdatamodeld in Sources */,
				74F7A56720897A1600CB4244 /* SettingsViewController.swift in Sources */,
				749CB423208B95190022A26C /* UIViewController+CoreData.swift in Sources */,
				749CB429208CBF340022A26C /* ShoppingTotalViewController.swift in Sources */,
				749CB421208B93340022A26C /* ShoppingTableViewCell.swift in Sources */,
				74F7A5502089633D00CB4244 /* AppDelegate.swift in Sources */,
			);
			runOnlyForDeploymentPostprocessing = 0;
		};
/* End PBXSourcesBuildPhase section */

/* Begin PBXVariantGroup section */
		74F7A5532089633D00CB4244 /* Main.storyboard */ = {
			isa = PBXVariantGroup;
			children = (
				74F7A5542089633D00CB4244 /* Base */,
			);
			name = Main.storyboard;
			sourceTree = "<group>";
		};
		74F7A55B2089633F00CB4244 /* LaunchScreen.storyboard */ = {
			isa = PBXVariantGroup;
			children = (
				74F7A55C2089633F00CB4244 /* Base */,
			);
			name = LaunchScreen.storyboard;
			sourceTree = "<group>";
		};
/* End PBXVariantGroup section */

/* Begin XCBuildConfiguration section */
		74F7A55F2089633F00CB4244 /* Debug */ = {
			isa = XCBuildConfiguration;
			buildSettings = {
				ALWAYS_SEARCH_USER_PATHS = NO;
				CLANG_ANALYZER_NONNULL = YES;
				CLANG_ANALYZER_NUMBER_OBJECT_CONVERSION = YES_AGGRESSIVE;
				CLANG_CXX_LANGUAGE_STANDARD = "gnu++14";
				CLANG_CXX_LIBRARY = "libc++";
				CLANG_ENABLE_MODULES = YES;
				CLANG_ENABLE_OBJC_ARC = YES;
				CLANG_ENABLE_OBJC_WEAK = YES;
				CLANG_WARN_BLOCK_CAPTURE_AUTORELEASING = YES;
				CLANG_WARN_BOOL_CONVERSION = YES;
				CLANG_WARN_COMMA = YES;
				CLANG_WARN_CONSTANT_CONVERSION = YES;
				CLANG_WARN_DEPRECATED_OBJC_IMPLEMENTATIONS = YES;
				CLANG_WARN_DIRECT_OBJC_ISA_USAGE = YES_ERROR;
				CLANG_WARN_DOCUMENTATION_COMMENTS = YES;
				CLANG_WARN_EMPTY_BODY = YES;
				CLANG_WARN_ENUM_CONVERSION = YES;
				CLANG_WARN_INFINITE_RECURSION = YES;
				CLANG_WARN_INT_CONVERSION = YES;
				CLANG_WARN_NON_LITERAL_NULL_CONVERSION = YES;
				CLANG_WARN_OBJC_IMPLICIT_RETAIN_SELF = YES;
				CLANG_WARN_OBJC_LITERAL_CONVERSION = YES;
				CLANG_WARN_OBJC_ROOT_CLASS = YES_ERROR;
				CLANG_WARN_RANGE_LOOP_ANALYSIS = YES;
				CLANG_WARN_STRICT_PROTOTYPES = YES;
				CLANG_WARN_SUSPICIOUS_MOVE = YES;
				CLANG_WARN_UNGUARDED_AVAILABILITY = YES_AGGRESSIVE;
				CLANG_WARN_UNREACHABLE_CODE = YES;
				CLANG_WARN__DUPLICATE_METHOD_MATCH = YES;
				CODE_SIGN_IDENTITY = "iPhone Developer";
				COPY_PHASE_STRIP = NO;
				DEBUG_INFORMATION_FORMAT = dwarf;
				ENABLE_STRICT_OBJC_MSGSEND = YES;
				ENABLE_TESTABILITY = YES;
				GCC_C_LANGUAGE_STANDARD = gnu11;
				GCC_DYNAMIC_NO_PIC = NO;
				GCC_NO_COMMON_BLOCKS = YES;
				GCC_OPTIMIZATION_LEVEL = 0;
				GCC_PREPROCESSOR_DEFINITIONS = (
					"DEBUG=1",
					"$(inherited)",
				);
				GCC_WARN_64_TO_32_BIT_CONVERSION = YES;
				GCC_WARN_ABOUT_RETURN_TYPE = YES_ERROR;
				GCC_WARN_UNDECLARED_SELECTOR = YES;
				GCC_WARN_UNINITIALIZED_AUTOS = YES_AGGRESSIVE;
				GCC_WARN_UNUSED_FUNCTION = YES;
				GCC_WARN_UNUSED_VARIABLE = YES;
				IPHONEOS_DEPLOYMENT_TARGET = 11.3;
				MTL_ENABLE_DEBUG_INFO = YES;
				ONLY_ACTIVE_ARCH = YES;
				SDKROOT = iphoneos;
				SWIFT_ACTIVE_COMPILATION_CONDITIONS = DEBUG;
				SWIFT_OPTIMIZATION_LEVEL = "-Onone";
			};
			name = Debug;
		};
		74F7A5602089633F00CB4244 /* Release */ = {
			isa = XCBuildConfiguration;
			buildSettings = {
				ALWAYS_SEARCH_USER_PATHS = NO;
				CLANG_ANALYZER_NONNULL = YES;
				CLANG_ANALYZER_NUMBER_OBJECT_CONVERSION = YES_AGGRESSIVE;
				CLANG_CXX_LANGUAGE_STANDARD = "gnu++14";
				CLANG_CXX_LIBRARY = "libc++";
				CLANG_ENABLE_MODULES = YES;
				CLANG_ENABLE_OBJC_ARC = YES;
				CLANG_ENABLE_OBJC_WEAK = YES;
				CLANG_WARN_BLOCK_CAPTURE_AUTORELEASING = YES;
				CLANG_WARN_BOOL_CONVERSION = YES;
				CLANG_WARN_COMMA = YES;
				CLANG_WARN_CONSTANT_CONVERSION = YES;
				CLANG_WARN_DEPRECATED_OBJC_IMPLEMENTATIONS = YES;
				CLANG_WARN_DIRECT_OBJC_ISA_USAGE = YES_ERROR;
				CLANG_WARN_DOCUMENTATION_COMMENTS = YES;
				CLANG_WARN_EMPTY_BODY = YES;
				CLANG_WARN_ENUM_CONVERSION = YES;
				CLANG_WARN_INFINITE_RECURSION = YES;
				CLANG_WARN_INT_CONVERSION = YES;
				CLANG_WARN_NON_LITERAL_NULL_CONVERSION = YES;
				CLANG_WARN_OBJC_IMPLICIT_RETAIN_SELF = YES;
				CLANG_WARN_OBJC_LITERAL_CONVERSION = YES;
				CLANG_WARN_OBJC_ROOT_CLASS = YES_ERROR;
				CLANG_WARN_RANGE_LOOP_ANALYSIS = YES;
				CLANG_WARN_STRICT_PROTOTYPES = YES;
				CLANG_WARN_SUSPICIOUS_MOVE = YES;
				CLANG_WARN_UNGUARDED_AVAILABILITY = YES_AGGRESSIVE;
				CLANG_WARN_UNREACHABLE_CODE = YES;
				CLANG_WARN__DUPLICATE_METHOD_MATCH = YES;
				CODE_SIGN_IDENTITY = "iPhone Developer";
				COPY_PHASE_STRIP = NO;
				DEBUG_INFORMATION_FORMAT = "dwarf-with-dsym";
				ENABLE_NS_ASSERTIONS = NO;
				ENABLE_STRICT_OBJC_MSGSEND = YES;
				GCC_C_LANGUAGE_STANDARD = gnu11;
				GCC_NO_COMMON_BLOCKS = YES;
				GCC_WARN_64_TO_32_BIT_CONVERSION = YES;
				GCC_WARN_ABOUT_RETURN_TYPE = YES_ERROR;
				GCC_WARN_UNDECLARED_SELECTOR = YES;
				GCC_WARN_UNINITIALIZED_AUTOS = YES_AGGRESSIVE;
				GCC_WARN_UNUSED_FUNCTION = YES;
				GCC_WARN_UNUSED_VARIABLE = YES;
				IPHONEOS_DEPLOYMENT_TARGET = 11.3;
				MTL_ENABLE_DEBUG_INFO = NO;
				SDKROOT = iphoneos;
				SWIFT_OPTIMIZATION_LEVEL = "-Owholemodule";
				VALIDATE_PRODUCT = YES;
			};
			name = Release;
		};
		74F7A5622089633F00CB4244 /* Debug */ = {
			isa = XCBuildConfiguration;
			baseConfigurationReference = 37A64886A017541F1DE0EB3C /* Pods-ComprasUSA.debug.xcconfig */;
			buildSettings = {
				ASSETCATALOG_COMPILER_APPICON_NAME = AppIcon;
				CODE_SIGN_STYLE = Automatic;
				DEVELOPMENT_TEAM = 83GYSW2QVF;
				INFOPLIST_FILE = ComprasUSA/Info.plist;
				IPHONEOS_DEPLOYMENT_TARGET = 11.2;
				LD_RUNPATH_SEARCH_PATHS = "$(inherited) @executable_path/Frameworks";
				PRODUCT_BUNDLE_IDENTIFIER = br.com.FellipeOliveira.ComprasUSA;
				PRODUCT_NAME = "$(TARGET_NAME)";
				SWIFT_VERSION = 4.0;
				TARGETED_DEVICE_FAMILY = 1;
			};
			name = Debug;
		};
		74F7A5632089633F00CB4244 /* Release */ = {
			isa = XCBuildConfiguration;
			baseConfigurationReference = 7F2B1AF39DED1AB2DB6D54DF /* Pods-ComprasUSA.release.xcconfig */;
			buildSettings = {
				ASSETCATALOG_COMPILER_APPICON_NAME = AppIcon;
				CODE_SIGN_STYLE = Automatic;
				DEVELOPMENT_TEAM = 83GYSW2QVF;
				INFOPLIST_FILE = ComprasUSA/Info.plist;
				IPHONEOS_DEPLOYMENT_TARGET = 11.2;
				LD_RUNPATH_SEARCH_PATHS = "$(inherited) @executable_path/Frameworks";
				PRODUCT_BUNDLE_IDENTIFIER = br.com.FellipeOliveira.ComprasUSA;
				PRODUCT_NAME = "$(TARGET_NAME)";
				SWIFT_VERSION = 4.0;
				TARGETED_DEVICE_FAMILY = 1;
			};
			name = Release;
		};
/* End XCBuildConfiguration section */

/* Begin XCConfigurationList section */
		74F7A5472089633D00CB4244 /* Build configuration list for PBXProject "ComprasUSA" */ = {
			isa = XCConfigurationList;
			buildConfigurations = (
				74F7A55F2089633F00CB4244 /* Debug */,
				74F7A5602089633F00CB4244 /* Release */,
			);
			defaultConfigurationIsVisible = 0;
			defaultConfigurationName = Release;
		};
		74F7A5612089633F00CB4244 /* Build configuration list for PBXNativeTarget "ComprasUSA" */ = {
			isa = XCConfigurationList;
			buildConfigurations = (
				74F7A5622089633F00CB4244 /* Debug */,
				74F7A5632089633F00CB4244 /* Release */,
			);
			defaultConfigurationIsVisible = 0;
			defaultConfigurationName = Release;
		};
/* End XCConfigurationList section */

/* Begin XCVersionGroup section */
		74F7A5562089633D00CB4244 /* ComprasUSA.xcdatamodeld */ = {
			isa = XCVersionGroup;
			children = (
				74F7A5572089633D00CB4244 /* ComprasUSA.xcdatamodel */,
			);
			currentVersion = 74F7A5572089633D00CB4244 /* ComprasUSA.xcdatamodel */;
			path = ComprasUSA.xcdatamodeld;
			sourceTree = "<group>";
			versionGroupType = wrapper.xcdatamodel;
		};
/* End XCVersionGroup section */
	};
	rootObject = 74F7A5442089633D00CB4244 /* Project object */;
}
